
Microsoft Visual Studio Solution File, Format Version 12.00
# Visual Studio 2012
Project("{FAE04EC0-301F-11D3-BF4B-00C04F79EFBC}") = "Crivo.QA.TestAutomation.Workflow", "Crivo.QA.TestAutomation.Workflow\Crivo.QA.TestAutomation.Workflow.csproj", "{E4A5A4B0-F4BF-4F6E-93B8-4BA3AF5CE26B}"
EndProject
Project("{FAE04EC0-301F-11D3-BF4B-00C04F79EFBC}") = "Crivo.QA.Performance.Workflow", "Crivo.QA.Performance.Workflow\Crivo.QA.Performance.Workflow.csproj", "{7AD72549-8751-415A-8BFC-6C0C7CBBE615}"
EndProject
Project("{FAE04EC0-301F-11D3-BF4B-00C04F79EFBC}") = "Crivo.QA.Performance.Auditoria", "Crivo.QA.Performance.Auditoria\Crivo.QA.Performance.Auditoria.csproj", "{6B4EE9CC-5516-4CE3-9D7B-6151ECEBCD40}"
EndProject
Project("{FAE04EC0-301F-11D3-BF4B-00C04F79EFBC}") = "Crivo.QA.PageHelpers", "Crivo.QA.PageHelpers\Crivo.QA.PageHelpers.csproj", "{3507AB65-BD13-47A5-8CEA-127DF3F1E0FD}"
EndProject
Project("{FAE04EC0-301F-11D3-BF4B-00C04F79EFBC}") = "Crivo.QA.ViewFactory", "Crivo.QA.ViewFactory\Crivo.QA.ViewFactory.csproj", "{50E835CB-9925-455B-8F13-01A8E4535AEC}"
EndProject
Project("{FAE04EC0-301F-11D3-BF4B-00C04F79EFBC}") = "Crivo.QA.Views.Workflow.Concrete.Legacy", "Crivo.QA.Views.Workflow.Concrete.Legacy\Crivo.QA.Views.Workflow.Concrete.Legacy.csproj", "{BDB8378F-DFE3-4B54-A3A4-016BD824E428}"
EndProject
Project("{FAE04EC0-301F-11D3-BF4B-00C04F79EFBC}") = "Crivo.QA.Views.Workflow.Abstract", "Crivo.QA.Views.Workflow.Abstract\Crivo.QA.Views.Workflow.Abstract.csproj", "{F8AE29BD-A3E1-4CF7-827F-9F12FB8E3830}"
EndProject
Project("{FAE04EC0-301F-11D3-BF4B-00C04F79EFBC}") = "Crivo.QA.Performance", "Crivo.QA.Performance\Crivo.QA.Performance.csproj", "{0BADCB9C-A944-43A1-A938-3D25D60F7F44}"
EndProject
Project("{FAE04EC0-301F-11D3-BF4B-00C04F79EFBC}") = "Crivo.QA.TestAutomation", "Crivo.QA.TestAutomation\Crivo.QA.TestAutomation.csproj", "{0770FD1B-97DD-469C-A791-C8C5BF9DB39A}"
EndProject
Project("{FAE04EC0-301F-11D3-BF4B-00C04F79EFBC}") = "Crivo.QA.Views.Auditoria.Abstract", "Crivo.QA.Views.Auditoria.Abstract\Crivo.QA.Views.Auditoria.Abstract.csproj", "{67BBA4BC-64D6-433E-AFB4-A4B245A79C45}"
EndProject
Project("{FAE04EC0-301F-11D3-BF4B-00C04F79EFBC}") = "Crivo.QA.Views.Auditoria.Concrete", "Crivo.QA.Views.Auditoria.Concrete\Crivo.QA.Views.Auditoria.Concrete.csproj", "{ED92C373-0953-45A1-9334-688A0719CC24}"
EndProject
Project("{2150E333-8FDC-42A3-9474-1A3956D46DE8}") = "Auditoria", "Auditoria", "{7F8442C8-7073-4091-BF06-3AEF46C50B45}"
EndProject
Project("{2150E333-8FDC-42A3-9474-1A3956D46DE8}") = "Workflow", "Workflow", "{7929A205-3040-438E-AD32-9EC44C2C1C4F}"
EndProject
Project("{2150E333-8FDC-42A3-9474-1A3956D46DE8}") = "Legacy", "Legacy", "{521935DD-5F44-4D81-8AC6-C8132D14FB03}"
EndProject
Project("{2150E333-8FDC-42A3-9474-1A3956D46DE8}") = "Crivo", "Crivo", "{EAA1B645-60EA-49B2-B3AE-C825D9C3FDF7}"
EndProject
Project("{FAE04EC0-301F-11D3-BF4B-00C04F79EFBC}") = "Crivo.QA.Operacao", "Crivo.QA.Operacao\Crivo.QA.Operacao.csproj", "{0AFD3398-3BCE-420E-870A-AF6E8E33CCCA}"
EndProject
Project("{FAE04EC0-301F-11D3-BF4B-00C04F79EFBC}") = "Crivo.QA.Lote", "Crivo.QA.Lote\Crivo.QA.Lote.csproj", "{5A499935-5099-49A2-92C5-FA56884CC63B}"
EndProject
Project("{FAE04EC0-301F-11D3-BF4B-00C04F79EFBC}") = "AutomationWorkflow", "AutomationWorkflow\AutomationWorkflow\AutomationWorkflow.csproj", "{B0860BC6-1B75-4472-9CEB-474AB0B25FCB}"
EndProject
Project("{FAE04EC0-301F-11D3-BF4B-00C04F79EFBC}") = "Crivo.QA.Views.Crivo.Abstract", "Crivo.QA.Views.Crivo.Abstract\Crivo.QA.Views.Crivo.Abstract.csproj", "{1DBF08F5-DC11-49D1-97CC-8956D45955A7}"
EndProject
Project("{FAE04EC0-301F-11D3-BF4B-00C04F79EFBC}") = "Crivo.QA.Views.Crivo.Concrete", "Crivo.QA.Views.Crivo.Concrete\Crivo.QA.Views.Crivo.Concrete.csproj", "{F8F640BE-0365-49C5-893D-774224D51AAD}"
EndProject
Global
	GlobalSection(SolutionConfigurationPlatforms) = preSolution
		Chrome|Any CPU = Chrome|Any CPU
		Chrome|x86 = Chrome|x86
		Debug|Any CPU = Debug|Any CPU
		Debug|x86 = Debug|x86
		Firefox|Any CPU = Firefox|Any CPU
		Firefox|x86 = Firefox|x86
		IE|Any CPU = IE|Any CPU
		IE|x86 = IE|x86
		Release|Any CPU = Release|Any CPU
		Release|x86 = Release|x86
	EndGlobalSection
	GlobalSection(ProjectConfigurationPlatforms) = postSolution
		{E4A5A4B0-F4BF-4F6E-93B8-4BA3AF5CE26B}.Chrome|Any CPU.ActiveCfg = Chrome|Any CPU
		{E4A5A4B0-F4BF-4F6E-93B8-4BA3AF5CE26B}.Chrome|Any CPU.Build.0 = Chrome|Any CPU
		{E4A5A4B0-F4BF-4F6E-93B8-4BA3AF5CE26B}.Chrome|x86.ActiveCfg = Chrome|Any CPU
		{E4A5A4B0-F4BF-4F6E-93B8-4BA3AF5CE26B}.Debug|Any CPU.ActiveCfg = Debug|Any CPU
		{E4A5A4B0-F4BF-4F6E-93B8-4BA3AF5CE26B}.Debug|Any CPU.Build.0 = Debug|Any CPU
		{E4A5A4B0-F4BF-4F6E-93B8-4BA3AF5CE26B}.Debug|x86.ActiveCfg = Debug|Any CPU
		{E4A5A4B0-F4BF-4F6E-93B8-4BA3AF5CE26B}.Firefox|Any CPU.ActiveCfg = Firefox|Any CPU
		{E4A5A4B0-F4BF-4F6E-93B8-4BA3AF5CE26B}.Firefox|Any CPU.Build.0 = Firefox|Any CPU
		{E4A5A4B0-F4BF-4F6E-93B8-4BA3AF5CE26B}.Firefox|x86.ActiveCfg = Firefox|Any CPU
		{E4A5A4B0-F4BF-4F6E-93B8-4BA3AF5CE26B}.IE|Any CPU.ActiveCfg = IE|Any CPU
		{E4A5A4B0-F4BF-4F6E-93B8-4BA3AF5CE26B}.IE|Any CPU.Build.0 = IE|Any CPU
		{E4A5A4B0-F4BF-4F6E-93B8-4BA3AF5CE26B}.IE|x86.ActiveCfg = IE|Any CPU
		{E4A5A4B0-F4BF-4F6E-93B8-4BA3AF5CE26B}.Release|Any CPU.ActiveCfg = Firefox|Any CPU
		{E4A5A4B0-F4BF-4F6E-93B8-4BA3AF5CE26B}.Release|Any CPU.Build.0 = Firefox|Any CPU
		{E4A5A4B0-F4BF-4F6E-93B8-4BA3AF5CE26B}.Release|x86.ActiveCfg = Firefox|Any CPU
		{7AD72549-8751-415A-8BFC-6C0C7CBBE615}.Chrome|Any CPU.ActiveCfg = Chrome|Any CPU
		{7AD72549-8751-415A-8BFC-6C0C7CBBE615}.Chrome|Any CPU.Build.0 = Chrome|Any CPU
		{7AD72549-8751-415A-8BFC-6C0C7CBBE615}.Chrome|x86.ActiveCfg = Chrome|x86
		{7AD72549-8751-415A-8BFC-6C0C7CBBE615}.Chrome|x86.Build.0 = Chrome|x86
		{7AD72549-8751-415A-8BFC-6C0C7CBBE615}.Debug|Any CPU.ActiveCfg = IE|Any CPU
		{7AD72549-8751-415A-8BFC-6C0C7CBBE615}.Debug|Any CPU.Build.0 = IE|Any CPU
		{7AD72549-8751-415A-8BFC-6C0C7CBBE615}.Debug|x86.ActiveCfg = IE|Any CPU
		{7AD72549-8751-415A-8BFC-6C0C7CBBE615}.Firefox|Any CPU.ActiveCfg = Firefox|Any CPU
		{7AD72549-8751-415A-8BFC-6C0C7CBBE615}.Firefox|Any CPU.Build.0 = Firefox|Any CPU
		{7AD72549-8751-415A-8BFC-6C0C7CBBE615}.Firefox|x86.ActiveCfg = Firefox|x86
		{7AD72549-8751-415A-8BFC-6C0C7CBBE615}.Firefox|x86.Build.0 = Firefox|x86
		{7AD72549-8751-415A-8BFC-6C0C7CBBE615}.IE|Any CPU.ActiveCfg = IE|Any CPU
		{7AD72549-8751-415A-8BFC-6C0C7CBBE615}.IE|Any CPU.Build.0 = IE|Any CPU
		{7AD72549-8751-415A-8BFC-6C0C7CBBE615}.IE|x86.ActiveCfg = IE|x86
		{7AD72549-8751-415A-8BFC-6C0C7CBBE615}.IE|x86.Build.0 = IE|x86
		{7AD72549-8751-415A-8BFC-6C0C7CBBE615}.Release|Any CPU.ActiveCfg = IE|Any CPU
		{7AD72549-8751-415A-8BFC-6C0C7CBBE615}.Release|Any CPU.Build.0 = IE|Any CPU
		{7AD72549-8751-415A-8BFC-6C0C7CBBE615}.Release|x86.ActiveCfg = IE|Any CPU
		{6B4EE9CC-5516-4CE3-9D7B-6151ECEBCD40}.Chrome|Any CPU.ActiveCfg = Release|Any CPU
		{6B4EE9CC-5516-4CE3-9D7B-6151ECEBCD40}.Chrome|Any CPU.Build.0 = Release|Any CPU
		{6B4EE9CC-5516-4CE3-9D7B-6151ECEBCD40}.Chrome|x86.ActiveCfg = Release|Any CPU
		{6B4EE9CC-5516-4CE3-9D7B-6151ECEBCD40}.Debug|Any CPU.ActiveCfg = Debug|Any CPU
		{6B4EE9CC-5516-4CE3-9D7B-6151ECEBCD40}.Debug|Any CPU.Build.0 = Debug|Any CPU
		{6B4EE9CC-5516-4CE3-9D7B-6151ECEBCD40}.Debug|x86.ActiveCfg = Debug|Any CPU
		{6B4EE9CC-5516-4CE3-9D7B-6151ECEBCD40}.Firefox|Any CPU.ActiveCfg = Release|Any CPU
		{6B4EE9CC-5516-4CE3-9D7B-6151ECEBCD40}.Firefox|Any CPU.Build.0 = Release|Any CPU
		{6B4EE9CC-5516-4CE3-9D7B-6151ECEBCD40}.Firefox|x86.ActiveCfg = Release|Any CPU
		{6B4EE9CC-5516-4CE3-9D7B-6151ECEBCD40}.IE|Any CPU.ActiveCfg = Release|Any CPU
		{6B4EE9CC-5516-4CE3-9D7B-6151ECEBCD40}.IE|Any CPU.Build.0 = Release|Any CPU
		{6B4EE9CC-5516-4CE3-9D7B-6151ECEBCD40}.IE|x86.ActiveCfg = Release|Any CPU
		{6B4EE9CC-5516-4CE3-9D7B-6151ECEBCD40}.Release|Any CPU.ActiveCfg = Release|Any CPU
		{6B4EE9CC-5516-4CE3-9D7B-6151ECEBCD40}.Release|Any CPU.Build.0 = Release|Any CPU
		{6B4EE9CC-5516-4CE3-9D7B-6151ECEBCD40}.Release|x86.ActiveCfg = Release|Any CPU
		{3507AB65-BD13-47A5-8CEA-127DF3F1E0FD}.Chrome|Any CPU.ActiveCfg = Release|Any CPU
		{3507AB65-BD13-47A5-8CEA-127DF3F1E0FD}.Chrome|Any CPU.Build.0 = Release|Any CPU
		{3507AB65-BD13-47A5-8CEA-127DF3F1E0FD}.Chrome|x86.ActiveCfg = Release|Any CPU
		{3507AB65-BD13-47A5-8CEA-127DF3F1E0FD}.Debug|Any CPU.ActiveCfg = Debug|Any CPU
		{3507AB65-BD13-47A5-8CEA-127DF3F1E0FD}.Debug|Any CPU.Build.0 = Debug|Any CPU
		{3507AB65-BD13-47A5-8CEA-127DF3F1E0FD}.Debug|x86.ActiveCfg = Debug|Any CPU
		{3507AB65-BD13-47A5-8CEA-127DF3F1E0FD}.Firefox|Any CPU.ActiveCfg = Release|Any CPU
		{3507AB65-BD13-47A5-8CEA-127DF3F1E0FD}.Firefox|Any CPU.Build.0 = Release|Any CPU
		{3507AB65-BD13-47A5-8CEA-127DF3F1E0FD}.Firefox|x86.ActiveCfg = Release|Any CPU
		{3507AB65-BD13-47A5-8CEA-127DF3F1E0FD}.IE|Any CPU.ActiveCfg = Release|Any CPU
		{3507AB65-BD13-47A5-8CEA-127DF3F1E0FD}.IE|Any CPU.Build.0 = Release|Any CPU
		{3507AB65-BD13-47A5-8CEA-127DF3F1E0FD}.IE|x86.ActiveCfg = Release|Any CPU
		{3507AB65-BD13-47A5-8CEA-127DF3F1E0FD}.Release|Any CPU.ActiveCfg = Release|Any CPU
		{3507AB65-BD13-47A5-8CEA-127DF3F1E0FD}.Release|Any CPU.Build.0 = Release|Any CPU
		{3507AB65-BD13-47A5-8CEA-127DF3F1E0FD}.Release|x86.ActiveCfg = Release|Any CPU
		{50E835CB-9925-455B-8F13-01A8E4535AEC}.Chrome|Any CPU.ActiveCfg = Release|Any CPU
		{50E835CB-9925-455B-8F13-01A8E4535AEC}.Chrome|Any CPU.Build.0 = Release|Any CPU
		{50E835CB-9925-455B-8F13-01A8E4535AEC}.Chrome|x86.ActiveCfg = Release|Any CPU
		{50E835CB-9925-455B-8F13-01A8E4535AEC}.Debug|Any CPU.ActiveCfg = Debug|Any CPU
		{50E835CB-9925-455B-8F13-01A8E4535AEC}.Debug|Any CPU.Build.0 = Debug|Any CPU
		{50E835CB-9925-455B-8F13-01A8E4535AEC}.Debug|x86.ActiveCfg = Debug|Any CPU
		{50E835CB-9925-455B-8F13-01A8E4535AEC}.Firefox|Any CPU.ActiveCfg = Release|Any CPU
		{50E835CB-9925-455B-8F13-01A8E4535AEC}.Firefox|Any CPU.Build.0 = Release|Any CPU
		{50E835CB-9925-455B-8F13-01A8E4535AEC}.Firefox|x86.ActiveCfg = Release|Any CPU
		{50E835CB-9925-455B-8F13-01A8E4535AEC}.IE|Any CPU.ActiveCfg = Release|Any CPU
		{50E835CB-9925-455B-8F13-01A8E4535AEC}.IE|Any CPU.Build.0 = Release|Any CPU
		{50E835CB-9925-455B-8F13-01A8E4535AEC}.IE|x86.ActiveCfg = Release|Any CPU
		{50E835CB-9925-455B-8F13-01A8E4535AEC}.Release|Any CPU.ActiveCfg = Release|Any CPU
		{50E835CB-9925-455B-8F13-01A8E4535AEC}.Release|Any CPU.Build.0 = Release|Any CPU
		{50E835CB-9925-455B-8F13-01A8E4535AEC}.Release|x86.ActiveCfg = Release|Any CPU
		{BDB8378F-DFE3-4B54-A3A4-016BD824E428}.Chrome|Any CPU.ActiveCfg = Release|Any CPU
		{BDB8378F-DFE3-4B54-A3A4-016BD824E428}.Chrome|Any CPU.Build.0 = Release|Any CPU
		{BDB8378F-DFE3-4B54-A3A4-016BD824E428}.Chrome|x86.ActiveCfg = Release|Any CPU
		{BDB8378F-DFE3-4B54-A3A4-016BD824E428}.Debug|Any CPU.ActiveCfg = Debug|Any CPU
		{BDB8378F-DFE3-4B54-A3A4-016BD824E428}.Debug|Any CPU.Build.0 = Debug|Any CPU
		{BDB8378F-DFE3-4B54-A3A4-016BD824E428}.Debug|x86.ActiveCfg = Debug|Any CPU
		{BDB8378F-DFE3-4B54-A3A4-016BD824E428}.Firefox|Any CPU.ActiveCfg = Release|Any CPU
		{BDB8378F-DFE3-4B54-A3A4-016BD824E428}.Firefox|Any CPU.Build.0 = Release|Any CPU
		{BDB8378F-DFE3-4B54-A3A4-016BD824E428}.Firefox|x86.ActiveCfg = Release|Any CPU
		{BDB8378F-DFE3-4B54-A3A4-016BD824E428}.IE|Any CPU.ActiveCfg = Release|Any CPU
		{BDB8378F-DFE3-4B54-A3A4-016BD824E428}.IE|Any CPU.Build.0 = Release|Any CPU
		{BDB8378F-DFE3-4B54-A3A4-016BD824E428}.IE|x86.ActiveCfg = Release|Any CPU
		{BDB8378F-DFE3-4B54-A3A4-016BD824E428}.Release|Any CPU.ActiveCfg = Release|Any CPU
		{BDB8378F-DFE3-4B54-A3A4-016BD824E428}.Release|Any CPU.Build.0 = Release|Any CPU
		{BDB8378F-DFE3-4B54-A3A4-016BD824E428}.Release|x86.ActiveCfg = Release|Any CPU
		{F8AE29BD-A3E1-4CF7-827F-9F12FB8E3830}.Chrome|Any CPU.ActiveCfg = Release|Any CPU
		{F8AE29BD-A3E1-4CF7-827F-9F12FB8E3830}.Chrome|Any CPU.Build.0 = Release|Any CPU
		{F8AE29BD-A3E1-4CF7-827F-9F12FB8E3830}.Chrome|x86.ActiveCfg = Release|Any CPU
		{F8AE29BD-A3E1-4CF7-827F-9F12FB8E3830}.Debug|Any CPU.ActiveCfg = Debug|Any CPU
		{F8AE29BD-A3E1-4CF7-827F-9F12FB8E3830}.Debug|Any CPU.Build.0 = Debug|Any CPU
		{F8AE29BD-A3E1-4CF7-827F-9F12FB8E3830}.Debug|x86.ActiveCfg = Debug|Any CPU
		{F8AE29BD-A3E1-4CF7-827F-9F12FB8E3830}.Firefox|Any CPU.ActiveCfg = Release|Any CPU
		{F8AE29BD-A3E1-4CF7-827F-9F12FB8E3830}.Firefox|Any CPU.Build.0 = Release|Any CPU
		{F8AE29BD-A3E1-4CF7-827F-9F12FB8E3830}.Firefox|x86.ActiveCfg = Release|Any CPU
		{F8AE29BD-A3E1-4CF7-827F-9F12FB8E3830}.IE|Any CPU.ActiveCfg = Release|Any CPU
		{F8AE29BD-A3E1-4CF7-827F-9F12FB8E3830}.IE|Any CPU.Build.0 = Release|Any CPU
		{F8AE29BD-A3E1-4CF7-827F-9F12FB8E3830}.IE|x86.ActiveCfg = Release|Any CPU
		{F8AE29BD-A3E1-4CF7-827F-9F12FB8E3830}.Release|Any CPU.ActiveCfg = Release|Any CPU
		{F8AE29BD-A3E1-4CF7-827F-9F12FB8E3830}.Release|Any CPU.Build.0 = Release|Any CPU
		{F8AE29BD-A3E1-4CF7-827F-9F12FB8E3830}.Release|x86.ActiveCfg = Release|Any CPU
		{0BADCB9C-A944-43A1-A938-3D25D60F7F44}.Chrome|Any CPU.ActiveCfg = Release|Any CPU
		{0BADCB9C-A944-43A1-A938-3D25D60F7F44}.Chrome|Any CPU.Build.0 = Release|Any CPU
		{0BADCB9C-A944-43A1-A938-3D25D60F7F44}.Chrome|x86.ActiveCfg = Release|Any CPU
		{0BADCB9C-A944-43A1-A938-3D25D60F7F44}.Debug|Any CPU.ActiveCfg = Release|Any CPU
		{0BADCB9C-A944-43A1-A938-3D25D60F7F44}.Debug|Any CPU.Build.0 = Release|Any CPU
		{0BADCB9C-A944-43A1-A938-3D25D60F7F44}.Debug|x86.ActiveCfg = Debug|Any CPU
		{0BADCB9C-A944-43A1-A938-3D25D60F7F44}.Firefox|Any CPU.ActiveCfg = Release|Any CPU
		{0BADCB9C-A944-43A1-A938-3D25D60F7F44}.Firefox|Any CPU.Build.0 = Release|Any CPU
		{0BADCB9C-A944-43A1-A938-3D25D60F7F44}.Firefox|x86.ActiveCfg = Release|Any CPU
		{0BADCB9C-A944-43A1-A938-3D25D60F7F44}.IE|Any CPU.ActiveCfg = Release|Any CPU
		{0BADCB9C-A944-43A1-A938-3D25D60F7F44}.IE|Any CPU.Build.0 = Release|Any CPU
		{0BADCB9C-A944-43A1-A938-3D25D60F7F44}.IE|x86.ActiveCfg = Release|Any CPU
		{0BADCB9C-A944-43A1-A938-3D25D60F7F44}.Release|Any CPU.ActiveCfg = Release|Any CPU
		{0BADCB9C-A944-43A1-A938-3D25D60F7F44}.Release|Any CPU.Build.0 = Release|Any CPU
		{0BADCB9C-A944-43A1-A938-3D25D60F7F44}.Release|x86.ActiveCfg = Release|Any CPU
		{0770FD1B-97DD-469C-A791-C8C5BF9DB39A}.Chrome|Any CPU.ActiveCfg = Release|Any CPU
		{0770FD1B-97DD-469C-A791-C8C5BF9DB39A}.Chrome|Any CPU.Build.0 = Release|Any CPU
		{0770FD1B-97DD-469C-A791-C8C5BF9DB39A}.Chrome|x86.ActiveCfg = Release|Any CPU
		{0770FD1B-97DD-469C-A791-C8C5BF9DB39A}.Debug|Any CPU.ActiveCfg = Debug|Any CPU
		{0770FD1B-97DD-469C-A791-C8C5BF9DB39A}.Debug|Any CPU.Build.0 = Debug|Any CPU
		{0770FD1B-97DD-469C-A791-C8C5BF9DB39A}.Debug|x86.ActiveCfg = Debug|Any CPU
		{0770FD1B-97DD-469C-A791-C8C5BF9DB39A}.Firefox|Any CPU.ActiveCfg = Release|Any CPU
		{0770FD1B-97DD-469C-A791-C8C5BF9DB39A}.Firefox|Any CPU.Build.0 = Release|Any CPU
		{0770FD1B-97DD-469C-A791-C8C5BF9DB39A}.Firefox|x86.ActiveCfg = Release|Any CPU
		{0770FD1B-97DD-469C-A791-C8C5BF9DB39A}.IE|Any CPU.ActiveCfg = Release|Any CPU
		{0770FD1B-97DD-469C-A791-C8C5BF9DB39A}.IE|Any CPU.Build.0 = Release|Any CPU
		{0770FD1B-97DD-469C-A791-C8C5BF9DB39A}.IE|x86.ActiveCfg = Release|Any CPU
		{0770FD1B-97DD-469C-A791-C8C5BF9DB39A}.Release|Any CPU.ActiveCfg = Release|Any CPU
		{0770FD1B-97DD-469C-A791-C8C5BF9DB39A}.Release|Any CPU.Build.0 = Release|Any CPU
		{0770FD1B-97DD-469C-A791-C8C5BF9DB39A}.Release|x86.ActiveCfg = Release|Any CPU
		{67BBA4BC-64D6-433E-AFB4-A4B245A79C45}.Chrome|Any CPU.ActiveCfg = Release|Any CPU
		{67BBA4BC-64D6-433E-AFB4-A4B245A79C45}.Chrome|Any CPU.Build.0 = Release|Any CPU
		{67BBA4BC-64D6-433E-AFB4-A4B245A79C45}.Chrome|x86.ActiveCfg = Release|Any CPU
		{67BBA4BC-64D6-433E-AFB4-A4B245A79C45}.Debug|Any CPU.ActiveCfg = Debug|Any CPU
		{67BBA4BC-64D6-433E-AFB4-A4B245A79C45}.Debug|Any CPU.Build.0 = Debug|Any CPU
		{67BBA4BC-64D6-433E-AFB4-A4B245A79C45}.Debug|x86.ActiveCfg = Debug|Any CPU
		{67BBA4BC-64D6-433E-AFB4-A4B245A79C45}.Firefox|Any CPU.ActiveCfg = Release|Any CPU
		{67BBA4BC-64D6-433E-AFB4-A4B245A79C45}.Firefox|Any CPU.Build.0 = Release|Any CPU
		{67BBA4BC-64D6-433E-AFB4-A4B245A79C45}.Firefox|x86.ActiveCfg = Release|Any CPU
		{67BBA4BC-64D6-433E-AFB4-A4B245A79C45}.IE|Any CPU.ActiveCfg = Release|Any CPU
		{67BBA4BC-64D6-433E-AFB4-A4B245A79C45}.IE|Any CPU.Build.0 = Release|Any CPU
		{67BBA4BC-64D6-433E-AFB4-A4B245A79C45}.IE|x86.ActiveCfg = Release|Any CPU
		{67BBA4BC-64D6-433E-AFB4-A4B245A79C45}.Release|Any CPU.ActiveCfg = Release|Any CPU
		{67BBA4BC-64D6-433E-AFB4-A4B245A79C45}.Release|Any CPU.Build.0 = Release|Any CPU
		{67BBA4BC-64D6-433E-AFB4-A4B245A79C45}.Release|x86.ActiveCfg = Release|Any CPU
		{ED92C373-0953-45A1-9334-688A0719CC24}.Chrome|Any CPU.ActiveCfg = Release|Any CPU
		{ED92C373-0953-45A1-9334-688A0719CC24}.Chrome|Any CPU.Build.0 = Release|Any CPU
		{ED92C373-0953-45A1-9334-688A0719CC24}.Chrome|x86.ActiveCfg = Release|Any CPU
		{ED92C373-0953-45A1-9334-688A0719CC24}.Debug|Any CPU.ActiveCfg = Debug|Any CPU
		{ED92C373-0953-45A1-9334-688A0719CC24}.Debug|Any CPU.Build.0 = Debug|Any CPU
		{ED92C373-0953-45A1-9334-688A0719CC24}.Debug|x86.ActiveCfg = Debug|Any CPU
		{ED92C373-0953-45A1-9334-688A0719CC24}.Firefox|Any CPU.ActiveCfg = Release|Any CPU
		{ED92C373-0953-45A1-9334-688A0719CC24}.Firefox|Any CPU.Build.0 = Release|Any CPU
		{ED92C373-0953-45A1-9334-688A0719CC24}.Firefox|x86.ActiveCfg = Release|Any CPU
		{ED92C373-0953-45A1-9334-688A0719CC24}.IE|Any CPU.ActiveCfg = Release|Any CPU
		{ED92C373-0953-45A1-9334-688A0719CC24}.IE|Any CPU.Build.0 = Release|Any CPU
		{ED92C373-0953-45A1-9334-688A0719CC24}.IE|x86.ActiveCfg = Release|Any CPU
		{ED92C373-0953-45A1-9334-688A0719CC24}.Release|Any CPU.ActiveCfg = Release|Any CPU
		{ED92C373-0953-45A1-9334-688A0719CC24}.Release|Any CPU.Build.0 = Release|Any CPU
		{ED92C373-0953-45A1-9334-688A0719CC24}.Release|x86.ActiveCfg = Release|Any CPU
		{0AFD3398-3BCE-420E-870A-AF6E8E33CCCA}.Chrome|Any CPU.ActiveCfg = Release|Any CPU
		{0AFD3398-3BCE-420E-870A-AF6E8E33CCCA}.Chrome|Any CPU.Build.0 = Release|Any CPU
		{0AFD3398-3BCE-420E-870A-AF6E8E33CCCA}.Chrome|x86.ActiveCfg = Release|Any CPU
		{0AFD3398-3BCE-420E-870A-AF6E8E33CCCA}.Debug|Any CPU.ActiveCfg = Debug|Any CPU
		{0AFD3398-3BCE-420E-870A-AF6E8E33CCCA}.Debug|Any CPU.Build.0 = Debug|Any CPU
		{0AFD3398-3BCE-420E-870A-AF6E8E33CCCA}.Debug|x86.ActiveCfg = Debug|Any CPU
		{0AFD3398-3BCE-420E-870A-AF6E8E33CCCA}.Firefox|Any CPU.ActiveCfg = Release|Any CPU
		{0AFD3398-3BCE-420E-870A-AF6E8E33CCCA}.Firefox|Any CPU.Build.0 = Release|Any CPU
		{0AFD3398-3BCE-420E-870A-AF6E8E33CCCA}.Firefox|x86.ActiveCfg = Release|Any CPU
		{0AFD3398-3BCE-420E-870A-AF6E8E33CCCA}.IE|Any CPU.ActiveCfg = Release|Any CPU
		{0AFD3398-3BCE-420E-870A-AF6E8E33CCCA}.IE|Any CPU.Build.0 = Release|Any CPU
		{0AFD3398-3BCE-420E-870A-AF6E8E33CCCA}.IE|x86.ActiveCfg = Release|Any CPU
		{0AFD3398-3BCE-420E-870A-AF6E8E33CCCA}.Release|Any CPU.ActiveCfg = Release|Any CPU
		{0AFD3398-3BCE-420E-870A-AF6E8E33CCCA}.Release|Any CPU.Build.0 = Release|Any CPU
		{0AFD3398-3BCE-420E-870A-AF6E8E33CCCA}.Release|x86.ActiveCfg = Release|Any CPU
		{5A499935-5099-49A2-92C5-FA56884CC63B}.Chrome|Any CPU.ActiveCfg = Release|Any CPU
		{5A499935-5099-49A2-92C5-FA56884CC63B}.Chrome|Any CPU.Build.0 = Release|Any CPU
		{5A499935-5099-49A2-92C5-FA56884CC63B}.Chrome|x86.ActiveCfg = Release|Any CPU
		{5A499935-5099-49A2-92C5-FA56884CC63B}.Debug|Any CPU.ActiveCfg = Debug|Any CPU
		{5A499935-5099-49A2-92C5-FA56884CC63B}.Debug|Any CPU.Build.0 = Debug|Any CPU
		{5A499935-5099-49A2-92C5-FA56884CC63B}.Debug|x86.ActiveCfg = Debug|Any CPU
		{5A499935-5099-49A2-92C5-FA56884CC63B}.Firefox|Any CPU.ActiveCfg = Release|Any CPU
		{5A499935-5099-49A2-92C5-FA56884CC63B}.Firefox|Any CPU.Build.0 = Release|Any CPU
		{5A499935-5099-49A2-92C5-FA56884CC63B}.Firefox|x86.ActiveCfg = Release|Any CPU
		{5A499935-5099-49A2-92C5-FA56884CC63B}.IE|Any CPU.ActiveCfg = Release|Any CPU
		{5A499935-5099-49A2-92C5-FA56884CC63B}.IE|Any CPU.Build.0 = Release|Any CPU
		{5A499935-5099-49A2-92C5-FA56884CC63B}.IE|x86.ActiveCfg = Release|Any CPU
		{5A499935-5099-49A2-92C5-FA56884CC63B}.Release|Any CPU.ActiveCfg = Release|Any CPU
		{5A499935-5099-49A2-92C5-FA56884CC63B}.Release|Any CPU.Build.0 = Release|Any CPU
		{5A499935-5099-49A2-92C5-FA56884CC63B}.Release|x86.ActiveCfg = Release|Any CPU
		{B0860BC6-1B75-4472-9CEB-474AB0B25FCB}.Chrome|Any CPU.ActiveCfg = Release|Any CPU
		{B0860BC6-1B75-4472-9CEB-474AB0B25FCB}.Chrome|Any CPU.Build.0 = Release|Any CPU
		{B0860BC6-1B75-4472-9CEB-474AB0B25FCB}.Chrome|x86.ActiveCfg = Release|Any CPU
		{B0860BC6-1B75-4472-9CEB-474AB0B25FCB}.Debug|Any CPU.ActiveCfg = Debug|Any CPU
		{B0860BC6-1B75-4472-9CEB-474AB0B25FCB}.Debug|Any CPU.Build.0 = Debug|Any CPU
		{B0860BC6-1B75-4472-9CEB-474AB0B25FCB}.Debug|x86.ActiveCfg = Debug|Any CPU
		{B0860BC6-1B75-4472-9CEB-474AB0B25FCB}.Firefox|Any CPU.ActiveCfg = Release|Any CPU
		{B0860BC6-1B75-4472-9CEB-474AB0B25FCB}.Firefox|Any CPU.Build.0 = Release|Any CPU
		{B0860BC6-1B75-4472-9CEB-474AB0B25FCB}.Firefox|x86.ActiveCfg = Release|Any CPU
		{B0860BC6-1B75-4472-9CEB-474AB0B25FCB}.IE|Any CPU.ActiveCfg = Release|Any CPU
		{B0860BC6-1B75-4472-9CEB-474AB0B25FCB}.IE|Any CPU.Build.0 = Release|Any CPU
		{B0860BC6-1B75-4472-9CEB-474AB0B25FCB}.IE|x86.ActiveCfg = Release|Any CPU
		{B0860BC6-1B75-4472-9CEB-474AB0B25FCB}.Release|Any CPU.ActiveCfg = Release|Any CPU
		{B0860BC6-1B75-4472-9CEB-474AB0B25FCB}.Release|Any CPU.Build.0 = Release|Any CPU
		{B0860BC6-1B75-4472-9CEB-474AB0B25FCB}.Release|x86.ActiveCfg = Release|Any CPU
		{1DBF08F5-DC11-49D1-97CC-8956D45955A7}.Chrome|Any CPU.ActiveCfg = Release|Any CPU
		{1DBF08F5-DC11-49D1-97CC-8956D45955A7}.Chrome|Any CPU.Build.0 = Release|Any CPU
		{1DBF08F5-DC11-49D1-97CC-8956D45955A7}.Chrome|x86.ActiveCfg = Release|Any CPU
		{1DBF08F5-DC11-49D1-97CC-8956D45955A7}.Debug|Any CPU.ActiveCfg = Debug|Any CPU
		{1DBF08F5-DC11-49D1-97CC-8956D45955A7}.Debug|Any CPU.Build.0 = Debug|Any CPU
		{1DBF08F5-DC11-49D1-97CC-8956D45955A7}.Debug|x86.ActiveCfg = Debug|Any CPU
		{1DBF08F5-DC11-49D1-97CC-8956D45955A7}.Firefox|Any CPU.ActiveCfg = Release|Any CPU
		{1DBF08F5-DC11-49D1-97CC-8956D45955A7}.Firefox|Any CPU.Build.0 = Release|Any CPU
		{1DBF08F5-DC11-49D1-97CC-8956D45955A7}.Firefox|x86.ActiveCfg = Release|Any CPU
		{1DBF08F5-DC11-49D1-97CC-8956D45955A7}.IE|Any CPU.ActiveCfg = Release|Any CPU
		{1DBF08F5-DC11-49D1-97CC-8956D45955A7}.IE|Any CPU.Build.0 = Release|Any CPU
		{1DBF08F5-DC11-49D1-97CC-8956D45955A7}.IE|x86.ActiveCfg = Release|Any CPU
		{1DBF08F5-DC11-49D1-97CC-8956D45955A7}.Release|Any CPU.ActiveCfg = Release|Any CPU
		{1DBF08F5-DC11-49D1-97CC-8956D45955A7}.Release|Any CPU.Build.0 = Release|Any CPU
		{1DBF08F5-DC11-49D1-97CC-8956D45955A7}.Release|x86.ActiveCfg = Release|Any CPU
		{F8F640BE-0365-49C5-893D-774224D51AAD}.Chrome|Any CPU.ActiveCfg = Release|Any CPU
		{F8F640BE-0365-49C5-893D-774224D51AAD}.Chrome|Any CPU.Build.0 = Release|Any CPU
		{F8F640BE-0365-49C5-893D-774224D51AAD}.Chrome|x86.ActiveCfg = Release|Any CPU
		{F8F640BE-0365-49C5-893D-774224D51AAD}.Debug|Any CPU.ActiveCfg = Debug|Any CPU
		{F8F640BE-0365-49C5-893D-774224D51AAD}.Debug|Any CPU.Build.0 = Debug|Any CPU
		{F8F640BE-0365-49C5-893D-774224D51AAD}.Debug|x86.ActiveCfg = Debug|Any CPU
		{F8F640BE-0365-49C5-893D-774224D51AAD}.Firefox|Any CPU.ActiveCfg = Release|Any CPU
		{F8F640BE-0365-49C5-893D-774224D51AAD}.Firefox|Any CPU.Build.0 = Release|Any CPU
		{F8F640BE-0365-49C5-893D-774224D51AAD}.Firefox|x86.ActiveCfg = Release|Any CPU
		{F8F640BE-0365-49C5-893D-774224D51AAD}.IE|Any CPU.ActiveCfg = Release|Any CPU
		{F8F640BE-0365-49C5-893D-774224D51AAD}.IE|Any CPU.Build.0 = Release|Any CPU
		{F8F640BE-0365-49C5-893D-774224D51AAD}.IE|x86.ActiveCfg = Release|Any CPU
		{F8F640BE-0365-49C5-893D-774224D51AAD}.Release|Any CPU.ActiveCfg = Release|Any CPU
		{F8F640BE-0365-49C5-893D-774224D51AAD}.Release|Any CPU.Build.0 = Release|Any CPU
		{F8F640BE-0365-49C5-893D-774224D51AAD}.Release|x86.ActiveCfg = Release|Any CPU
	EndGlobalSection
	GlobalSection(SolutionProperties) = preSolution
		HideSolutionNode = FALSE
	EndGlobalSection
	GlobalSection(NestedProjects) = preSolution
		{B0860BC6-1B75-4472-9CEB-474AB0B25FCB} = {521935DD-5F44-4D81-8AC6-C8132D14FB03}
		{7AD72549-8751-415A-8BFC-6C0C7CBBE615} = {7929A205-3040-438E-AD32-9EC44C2C1C4F}
		{BDB8378F-DFE3-4B54-A3A4-016BD824E428} = {7929A205-3040-438E-AD32-9EC44C2C1C4F}
		{F8AE29BD-A3E1-4CF7-827F-9F12FB8E3830} = {7929A205-3040-438E-AD32-9EC44C2C1C4F}
		{E4A5A4B0-F4BF-4F6E-93B8-4BA3AF5CE26B} = {7929A205-3040-438E-AD32-9EC44C2C1C4F}
		{67BBA4BC-64D6-433E-AFB4-A4B245A79C45} = {7F8442C8-7073-4091-BF06-3AEF46C50B45}
		{ED92C373-0953-45A1-9334-688A0719CC24} = {7F8442C8-7073-4091-BF06-3AEF46C50B45}
		{6B4EE9CC-5516-4CE3-9D7B-6151ECEBCD40} = {7F8442C8-7073-4091-BF06-3AEF46C50B45}
		{0AFD3398-3BCE-420E-870A-AF6E8E33CCCA} = {EAA1B645-60EA-49B2-B3AE-C825D9C3FDF7}
		{5A499935-5099-49A2-92C5-FA56884CC63B} = {EAA1B645-60EA-49B2-B3AE-C825D9C3FDF7}
		{1DBF08F5-DC11-49D1-97CC-8956D45955A7} = {EAA1B645-60EA-49B2-B3AE-C825D9C3FDF7}
		{F8F640BE-0365-49C5-893D-774224D51AAD} = {EAA1B645-60EA-49B2-B3AE-C825D9C3FDF7}
	EndGlobalSection
EndGlobal
